
Microsoft Visual Studio Solution File, Format Version 12.00
# Visual Studio Version 17
VisualStudioVersion = 17.9.34723.18
MinimumVisualStudioVersion = 10.0.40219.1
Project("{FAE04EC0-301F-11D3-BF4B-00C04F79EFBC}") = "Zoo", "ConsoleApp3\Zoo.csproj", "{BCA94C81-4B7B-4A14-9703-2E150C755E46}"
EndProject
Global
	GlobalSection(SolutionConfigurationPlatforms) = preSolution
		Debug|Any CPU = Debug|Any CPU
		Release|Any CPU = Release|Any CPU
	EndGlobalSection
	GlobalSection(ProjectConfigurationPlatforms) = postSolution
		{BCA94C81-4B7B-4A14-9703-2E150C755E46}.Debug|Any CPU.ActiveCfg = Debug|Any CPU
		{BCA94C81-4B7B-4A14-9703-2E150C755E46}.Debug|Any CPU.Build.0 = Debug|Any CPU
		{BCA94C81-4B7B-4A14-9703-2E150C755E46}.Release|Any CPU.ActiveCfg = Release|Any CPU
		{BCA94C81-4B7B-4A14-9703-2E150C755E46}.Release|Any CPU.Build.0 = Release|Any CPU
	EndGlobalSection
	GlobalSection(SolutionProperties) = preSolution
		HideSolutionNode = FALSE
	EndGlobalSection
	GlobalSection(ExtensibilityGlobals) = postSolution
		SolutionGuid = {81F4A2E4-7AB4-4ECF-8019-D8569A28F8CA}
	EndGlobalSection
EndGlobal
